// !$*UTF8*$!
{
	archiveVersion = 1;
	classes = {
	};
	objectVersion = 55;
	objects = {

/* Begin PBXBuildFile section */
		B9E9CB2A27C3C868008A212E /* ChatAppApp.swift in Sources */ = {isa = PBXBuildFile; fileRef = B9E9CB2927C3C868008A212E /* ChatAppApp.swift */; };
		B9E9CB2C27C3C868008A212E /* ContentView.swift in Sources */ = {isa = PBXBuildFile; fileRef = B9E9CB2B27C3C868008A212E /* ContentView.swift */; };
		B9E9CB2E27C3C86B008A212E /* Assets.xcassets in Resources */ = {isa = PBXBuildFile; fileRef = B9E9CB2D27C3C86B008A212E /* Assets.xcassets */; };
		B9E9CB3127C3C86B008A212E /* Preview Assets.xcassets in Resources */ = {isa = PBXBuildFile; fileRef = B9E9CB3027C3C86B008A212E /* Preview Assets.xcassets */; };
		B9E9CB3927C3CDB8008A212E /* TitleRow.swift in Sources */ = {isa = PBXBuildFile; fileRef = B9E9CB3827C3CDB8008A212E /* TitleRow.swift */; };
		B9E9CB3C27C3D6A1008A212E /* Message.swift in Sources */ = {isa = PBXBuildFile; fileRef = B9E9CB3B27C3D6A1008A212E /* Message.swift */; };
		B9E9CB3E27C3D733008A212E /* MessageBubble.swift in Sources */ = {isa = PBXBuildFile; fileRef = B9E9CB3D27C3D733008A212E /* MessageBubble.swift */; };
		B9E9CB4027C3E418008A212E /* Extensions.swift in Sources */ = {isa = PBXBuildFile; fileRef = B9E9CB3F27C3E418008A212E /* Extensions.swift */; };
		B9E9CB4227C3E592008A212E /* MessageField.swift in Sources */ = {isa = PBXBuildFile; fileRef = B9E9CB4127C3E592008A212E /* MessageField.swift */; };
		B9E9CB4427C4DBBD008A212E /* GoogleService-Info.plist in Resources */ = {isa = PBXBuildFile; fileRef = B9E9CB4327C4DBBD008A212E /* GoogleService-Info.plist */; };
		B9E9CB4727C4E189008A212E /* FirebaseFirestore in Frameworks */ = {isa = PBXBuildFile; productRef = B9E9CB4627C4E189008A212E /* FirebaseFirestore */; };
		B9E9CB4927C4E189008A212E /* FirebaseFirestoreSwift-Beta in Frameworks */ = {isa = PBXBuildFile; productRef = B9E9CB4827C4E189008A212E /* FirebaseFirestoreSwift-Beta */; };
		B9E9CB4B27C4E89F008A212E /* MessagesManager.swift in Sources */ = {isa = PBXBuildFile; fileRef = B9E9CB4A27C4E89F008A212E /* MessagesManager.swift */; };
/* End PBXBuildFile section */

/* Begin PBXFileReference section */
		B9E9CB2627C3C868008A212E /* ChatApp.app */ = {isa = PBXFileReference; explicitFileType = wrapper.application; includeInIndex = 0; path = ChatApp.app; sourceTree = BUILT_PRODUCTS_DIR; };
		B9E9CB2927C3C868008A212E /* ChatAppApp.swift */ = {isa = PBXFileReference; lastKnownFileType = sourcecode.swift; path = ChatAppApp.swift; sourceTree = "<group>"; };
		B9E9CB2B27C3C868008A212E /* ContentView.swift */ = {isa = PBXFileReference; lastKnownFileType = sourcecode.swift; path = ContentView.swift; sourceTree = "<group>"; };
		B9E9CB2D27C3C86B008A212E /* Assets.xcassets */ = {isa = PBXFileReference; lastKnownFileType = folder.assetcatalog; path = Assets.xcassets; sourceTree = "<group>"; };
		B9E9CB3027C3C86B008A212E /* Preview Assets.xcassets */ = {isa = PBXFileReference; lastKnownFileType = folder.assetcatalog; path = "Preview Assets.xcassets"; sourceTree = "<group>"; };
		B9E9CB3827C3CDB8008A212E /* TitleRow.swift */ = {isa = PBXFileReference; lastKnownFileType = sourcecode.swift; path = TitleRow.swift; sourceTree = "<group>"; };
		B9E9CB3B27C3D6A1008A212E /* Message.swift */ = {isa = PBXFileReference; lastKnownFileType = sourcecode.swift; path = Message.swift; sourceTree = "<group>"; };
		B9E9CB3D27C3D733008A212E /* MessageBubble.swift */ = {isa = PBXFileReference; lastKnownFileType = sourcecode.swift; path = MessageBubble.swift; sourceTree = "<group>"; };
		B9E9CB3F27C3E418008A212E /* Extensions.swift */ = {isa = PBXFileReference; lastKnownFileType = sourcecode.swift; path = Extensions.swift; sourceTree = "<group>"; };
		B9E9CB4127C3E592008A212E /* MessageField.swift */ = {isa = PBXFileReference; lastKnownFileType = sourcecode.swift; path = MessageField.swift; sourceTree = "<group>"; };
		B9E9CB4327C4DBBD008A212E /* GoogleService-Info.plist */ = {isa = PBXFileReference; fileEncoding = 4; lastKnownFileType = text.plist.xml; name = "GoogleService-Info.plist"; path = "../../../../Downloads/GoogleService-Info.plist"; sourceTree = "<group>"; };
		B9E9CB4A27C4E89F008A212E /* MessagesManager.swift */ = {isa = PBXFileReference; lastKnownFileType = sourcecode.swift; path = MessagesManager.swift; sourceTree = "<group>"; };
/* End PBXFileReference section */

/* Begin PBXFrameworksBuildPhase section */
		B9E9CB2327C3C868008A212E /* Frameworks */ = {
			isa = PBXFrameworksBuildPhase;
			buildActionMask = 2147483647;
			files = (
				B9E9CB4727C4E189008A212E /* FirebaseFirestore in Frameworks */,
				B9E9CB4927C4E189008A212E /* FirebaseFirestoreSwift-Beta in Frameworks */,
			);
			runOnlyForDeploymentPostprocessing = 0;
		};
/* End PBXFrameworksBuildPhase section */

/* Begin PBXGroup section */
		B9E9CB1D27C3C868008A212E = {
			isa = PBXGroup;
			children = (
				B9E9CB2827C3C868008A212E /* ChatApp */,
				B9E9CB2727C3C868008A212E /* Products */,
			);
			sourceTree = "<group>";
		};
		B9E9CB2727C3C868008A212E /* Products */ = {
			isa = PBXGroup;
			children = (
				B9E9CB2627C3C868008A212E /* ChatApp.app */,
			);
			name = Products;
			sourceTree = "<group>";
		};
		B9E9CB2827C3C868008A212E /* ChatApp */ = {
			isa = PBXGroup;
			children = (
				B9E9CB4327C4DBBD008A212E /* GoogleService-Info.plist */,
				B9E9CB3A27C3D67F008A212E /* Models */,
				B9E9CB3727C3CD9B008A212E /* Components */,
				B9E9CB2927C3C868008A212E /* ChatAppApp.swift */,
				B9E9CB2B27C3C868008A212E /* ContentView.swift */,
				B9E9CB2D27C3C86B008A212E /* Assets.xcassets */,
				B9E9CB2F27C3C86B008A212E /* Preview Content */,
				B9E9CB4A27C4E89F008A212E /* MessagesManager.swift */,
			);
			path = ChatApp;
			sourceTree = "<group>";
		};
		B9E9CB2F27C3C86B008A212E /* Preview Content */ = {
			isa = PBXGroup;
			children = (
				B9E9CB3027C3C86B008A212E /* Preview Assets.xcassets */,
			);
			path = "Preview Content";
			sourceTree = "<group>";
		};
		B9E9CB3727C3CD9B008A212E /* Components */ = {
			isa = PBXGroup;
			children = (
				B9E9CB3827C3CDB8008A212E /* TitleRow.swift */,
				B9E9CB3D27C3D733008A212E /* MessageBubble.swift */,
				B9E9CB3F27C3E418008A212E /* Extensions.swift */,
				B9E9CB4127C3E592008A212E /* MessageField.swift */,
			);
			path = Components;
			sourceTree = "<group>";
		};
		B9E9CB3A27C3D67F008A212E /* Models */ = {
			isa = PBXGroup;
			children = (
				B9E9CB3B27C3D6A1008A212E /* Message.swift */,
			);
			path = Models;
			sourceTree = "<group>";
		};
/* End PBXGroup section */

/* Begin PBXNativeTarget section */
		B9E9CB2527C3C868008A212E /* ChatApp */ = {
			isa = PBXNativeTarget;
			buildConfigurationList = B9E9CB3427C3C86B008A212E /* Build configuration list for PBXNativeTarget "ChatApp" */;
			buildPhases = (
				B9E9CB2227C3C868008A212E /* Sources */,
				B9E9CB2327C3C868008A212E /* Frameworks */,
				B9E9CB2427C3C868008A212E /* Resources */,
			);
			buildRules = (
			);
			dependencies = (
			);
			name = ChatApp;
			packageProductDependencies = (
				B9E9CB4627C4E189008A212E /* FirebaseFirestore */,
				B9E9CB4827C4E189008A212E /* FirebaseFirestoreSwift-Beta */,
			);
			productName = ChatApp;
			productReference = B9E9CB2627C3C868008A212E /* ChatApp.app */;
			productType = "com.apple.product-type.application";
		};
/* End PBXNativeTarget section */

/* Begin PBXProject section */
		B9E9CB1E27C3C868008A212E /* Project object */ = {
			isa = PBXProject;
			attributes = {
				BuildIndependentTargetsInParallel = 1;
				LastSwiftUpdateCheck = 1320;
				LastUpgradeCheck = 1320;
				TargetAttributes = {
					B9E9CB2527C3C868008A212E = {
						CreatedOnToolsVersion = 13.2.1;
					};
				};
			};
			buildConfigurationList = B9E9CB2127C3C868008A212E /* Build configuration list for PBXProject "ChatApp" */;
			compatibilityVersion = "Xcode 13.0";
			developmentRegion = en;
			hasScannedForEncodings = 0;
			knownRegions = (
				en,
				Base,
			);
			mainGroup = B9E9CB1D27C3C868008A212E;
			packageReferences = (
				B9E9CB4527C4E189008A212E /* XCRemoteSwiftPackageReference "firebase-ios-sdk" */,
			);
			productRefGroup = B9E9CB2727C3C868008A212E /* Products */;
			projectDirPath = "";
			projectRoot = "";
			targets = (
				B9E9CB2527C3C868008A212E /* ChatApp */,
			);
		};
/* End PBXProject section */

/* Begin PBXResourcesBuildPhase section */
		B9E9CB2427C3C868008A212E /* Resources */ = {
			isa = PBXResourcesBuildPhase;
			buildActionMask = 2147483647;
			files = (
				B9E9CB3127C3C86B008A212E /* Preview Assets.xcassets in Resources */,
				B9E9CB2E27C3C86B008A212E /* Assets.xcassets in Resources */,
				B9E9CB4427C4DBBD008A212E /* GoogleService-Info.plist in Resources */,
			);
			runOnlyForDeploymentPostprocessing = 0;
		};
/* End PBXResourcesBuildPhase section */

/* Begin PBXSourcesBuildPhase section */
		B9E9CB2227C3C868008A212E /* Sources */ = {
			isa = PBXSourcesBuildPhase;
			buildActionMask = 2147483647;
			files = (
				B9E9CB3927C3CDB8008A212E /* TitleRow.swift in Sources */,
				B9E9CB4027C3E418008A212E /* Extensions.swift in Sources */,
				B9E9CB3C27C3D6A1008A212E /* Message.swift in Sources */,
				B9E9CB4B27C4E89F008A212E /* MessagesManager.swift in Sources */,
				B9E9CB4227C3E592008A212E /* MessageField.swift in Sources */,
				B9E9CB3E27C3D733008A212E /* MessageBubble.swift in Sources */,
				B9E9CB2C27C3C868008A212E /* ContentView.swift in Sources */,
				B9E9CB2A27C3C868008A212E /* ChatAppApp.swift in Sources */,
			);
			runOnlyForDeploymentPostprocessing = 0;
		};
/* End PBXSourcesBuildPhase section */

/* Begin XCBuildConfiguration section */
		B9E9CB3227C3C86B008A212E /* Debug */ = {
			isa = XCBuildConfiguration;
			buildSettings = {
				ALWAYS_SEARCH_USER_PATHS = NO;
				CLANG_ANALYZER_NONNULL = YES;
				CLANG_ANALYZER_NUMBER_OBJECT_CONVERSION = YES_AGGRESSIVE;
				CLANG_CXX_LANGUAGE_STANDARD = "gnu++17";
				CLANG_CXX_LIBRARY = "libc++";
				CLANG_ENABLE_MODULES = YES;
				CLANG_ENABLE_OBJC_ARC = YES;
				CLANG_ENABLE_OBJC_WEAK = YES;
				CLANG_WARN_BLOCK_CAPTURE_AUTORELEASING = YES;
				CLANG_WARN_BOOL_CONVERSION = YES;
				CLANG_WARN_COMMA = YES;
				CLANG_WARN_CONSTANT_CONVERSION = YES;
				CLANG_WARN_DEPRECATED_OBJC_IMPLEMENTATIONS = YES;
				CLANG_WARN_DIRECT_OBJC_ISA_USAGE = YES_ERROR;
				CLANG_WARN_DOCUMENTATION_COMMENTS = YES;
				CLANG_WARN_EMPTY_BODY = YES;
				CLANG_WARN_ENUM_CONVERSION = YES;
				CLANG_WARN_INFINITE_RECURSION = YES;
				CLANG_WARN_INT_CONVERSION = YES;
				CLANG_WARN_NON_LITERAL_NULL_CONVERSION = YES;
				CLANG_WARN_OBJC_IMPLICIT_RETAIN_SELF = YES;
				CLANG_WARN_OBJC_LITERAL_CONVERSION = YES;
				CLANG_WARN_OBJC_ROOT_CLASS = YES_ERROR;
				CLANG_WARN_QUOTED_INCLUDE_IN_FRAMEWORK_HEADER = YES;
				CLANG_WARN_RANGE_LOOP_ANALYSIS = YES;
				CLANG_WARN_STRICT_PROTOTYPES = YES;
				CLANG_WARN_SUSPICIOUS_MOVE = YES;
				CLANG_WARN_UNGUARDED_AVAILABILITY = YES_AGGRESSIVE;
				CLANG_WARN_UNREACHABLE_CODE = YES;
				CLANG_WARN__DUPLICATE_METHOD_MATCH = YES;
				COPY_PHASE_STRIP = NO;
				DEBUG_INFORMATION_FORMAT = dwarf;
				ENABLE_STRICT_OBJC_MSGSEND = YES;
				ENABLE_TESTABILITY = YES;
				GCC_C_LANGUAGE_STANDARD = gnu11;
				GCC_DYNAMIC_NO_PIC = NO;
				GCC_NO_COMMON_BLOCKS = YES;
				GCC_OPTIMIZATION_LEVEL = 0;
				GCC_PREPROCESSOR_DEFINITIONS = (
					"DEBUG=1",
					"$(inherited)",
				);
				GCC_WARN_64_TO_32_BIT_CONVERSION = YES;
				GCC_WARN_ABOUT_RETURN_TYPE = YES_ERROR;
				GCC_WARN_UNDECLARED_SELECTOR = YES;
				GCC_WARN_UNINITIALIZED_AUTOS = YES_AGGRESSIVE;
				GCC_WARN_UNUSED_FUNCTION = YES;
				GCC_WARN_UNUSED_VARIABLE = YES;
				IPHONEOS_DEPLOYMENT_TARGET = 15.2;
				MTL_ENABLE_DEBUG_INFO = INCLUDE_SOURCE;
				MTL_FAST_MATH = YES;
				ONLY_ACTIVE_ARCH = YES;
				SDKROOT = iphoneos;
				SWIFT_ACTIVE_COMPILATION_CONDITIONS = DEBUG;
				SWIFT_OPTIMIZATION_LEVEL = "-Onone";
			};
			name = Debug;
		};
		B9E9CB3327C3C86B008A212E /* Release */ = {
			isa = XCBuildConfiguration;
			buildSettings = {
				ALWAYS_SEARCH_USER_PATHS = NO;
				CLANG_ANALYZER_NONNULL = YES;
				CLANG_ANALYZER_NUMBER_OBJECT_CONVERSION = YES_AGGRESSIVE;
				CLANG_CXX_LANGUAGE_STANDARD = "gnu++17";
				CLANG_CXX_LIBRARY = "libc++";
				CLANG_ENABLE_MODULES = YES;
				CLANG_ENABLE_OBJC_ARC = YES;
				CLANG_ENABLE_OBJC_WEAK = YES;
				CLANG_WARN_BLOCK_CAPTURE_AUTORELEASING = YES;
				CLANG_WARN_BOOL_CONVERSION = YES;
				CLANG_WARN_COMMA = YES;
				CLANG_WARN_CONSTANT_CONVERSION = YES;
				CLANG_WARN_DEPRECATED_OBJC_IMPLEMENTATIONS = YES;
				CLANG_WARN_DIRECT_OBJC_ISA_USAGE = YES_ERROR;
				CLANG_WARN_DOCUMENTATION_COMMENTS = YES;
				CLANG_WARN_EMPTY_BODY = YES;
				CLANG_WARN_ENUM_CONVERSION = YES;
				CLANG_WARN_INFINITE_RECURSION = YES;
				CLANG_WARN_INT_CONVERSION = YES;
				CLANG_WARN_NON_LITERAL_NULL_CONVERSION = YES;
				CLANG_WARN_OBJC_IMPLICIT_RETAIN_SELF = YES;
				CLANG_WARN_OBJC_LITERAL_CONVERSION = YES;
				CLANG_WARN_OBJC_ROOT_CLASS = YES_ERROR;
				CLANG_WARN_QUOTED_INCLUDE_IN_FRAMEWORK_HEADER = YES;
				CLANG_WARN_RANGE_LOOP_ANALYSIS = YES;
				CLANG_WARN_STRICT_PROTOTYPES = YES;
				CLANG_WARN_SUSPICIOUS_MOVE = YES;
				CLANG_WARN_UNGUARDED_AVAILABILITY = YES_AGGRESSIVE;
				CLANG_WARN_UNREACHABLE_CODE = YES;
				CLANG_WARN__DUPLICATE_METHOD_MATCH = YES;
				COPY_PHASE_STRIP = NO;
				DEBUG_INFORMATION_FORMAT = "dwarf-with-dsym";
				ENABLE_NS_ASSERTIONS = NO;
				ENABLE_STRICT_OBJC_MSGSEND = YES;
				GCC_C_LANGUAGE_STANDARD = gnu11;
				GCC_NO_COMMON_BLOCKS = YES;
				GCC_WARN_64_TO_32_BIT_CONVERSION = YES;
				GCC_WARN_ABOUT_RETURN_TYPE = YES_ERROR;
				GCC_WARN_UNDECLARED_SELECTOR = YES;
				GCC_WARN_UNINITIALIZED_AUTOS = YES_AGGRESSIVE;
				GCC_WARN_UNUSED_FUNCTION = YES;
				GCC_WARN_UNUSED_VARIABLE = YES;
				IPHONEOS_DEPLOYMENT_TARGET = 15.2;
				MTL_ENABLE_DEBUG_INFO = NO;
				MTL_FAST_MATH = YES;
				SDKROOT = iphoneos;
				SWIFT_COMPILATION_MODE = wholemodule;
				SWIFT_OPTIMIZATION_LEVEL = "-O";
				VALIDATE_PRODUCT = YES;
			};
			name = Release;
		};
		B9E9CB3527C3C86B008A212E /* Debug */ = {
			isa = XCBuildConfiguration;
			buildSettings = {
				ASSETCATALOG_COMPILER_APPICON_NAME = AppIcon;
				ASSETCATALOG_COMPILER_GLOBAL_ACCENT_COLOR_NAME = AccentColor;
				CODE_SIGN_STYLE = Automatic;
				CURRENT_PROJECT_VERSION = 1;
				DEVELOPMENT_ASSET_PATHS = "\"ChatApp/Preview Content\"";
				DEVELOPMENT_TEAM = FZWQ4N7JHK;
				ENABLE_PREVIEWS = YES;
				GENERATE_INFOPLIST_FILE = YES;
				INFOPLIST_KEY_UIApplicationSceneManifest_Generation = YES;
				INFOPLIST_KEY_UIApplicationSupportsIndirectInputEvents = YES;
				INFOPLIST_KEY_UILaunchScreen_Generation = YES;
				INFOPLIST_KEY_UISupportedInterfaceOrientations_iPad = "UIInterfaceOrientationPortrait UIInterfaceOrientationPortraitUpsideDown UIInterfaceOrientationLandscapeLeft UIInterfaceOrientationLandscapeRight";
				INFOPLIST_KEY_UISupportedInterfaceOrientations_iPhone = "UIInterfaceOrientationPortrait UIInterfaceOrientationLandscapeLeft UIInterfaceOrientationLandscapeRight";
				LD_RUNPATH_SEARCH_PATHS = (
					"$(inherited)",
					"@executable_path/Frameworks",
				);
				MARKETING_VERSION = 1.0;
				PRODUCT_BUNDLE_IDENTIFIER = com.uzairriaz.ChatApp;
				PRODUCT_NAME = "$(TARGET_NAME)";
				SWIFT_EMIT_LOC_STRINGS = YES;
				SWIFT_VERSION = 5.0;
				TARGETED_DEVICE_FAMILY = "1,2";
			};
			name = Debug;
		};
		B9E9CB3627C3C86B008A212E /* Release */ = {
			isa = XCBuildConfiguration;
			buildSettings = {
				ASSETCATALOG_COMPILER_APPICON_NAME = AppIcon;
				ASSETCATALOG_COMPILER_GLOBAL_ACCENT_COLOR_NAME = AccentColor;
				CODE_SIGN_STYLE = Automatic;
				CURRENT_PROJECT_VERSION = 1;
				DEVELOPMENT_ASSET_PATHS = "\"ChatApp/Preview Content\"";
				DEVELOPMENT_TEAM = FZWQ4N7JHK;
				ENABLE_PREVIEWS = YES;
				GENERATE_INFOPLIST_FILE = YES;
				INFOPLIST_KEY_UIApplicationSceneManifest_Generation = YES;
				INFOPLIST_KEY_UIApplicationSupportsIndirectInputEvents = YES;
				INFOPLIST_KEY_UILaunchScreen_Generation = YES;
				INFOPLIST_KEY_UISupportedInterfaceOrientations_iPad = "UIInterfaceOrientationPortrait UIInterfaceOrientationPortraitUpsideDown UIInterfaceOrientationLandscapeLeft UIInterfaceOrientationLandscapeRight";
				INFOPLIST_KEY_UISupportedInterfaceOrientations_iPhone = "UIInterfaceOrientationPortrait UIInterfaceOrientationLandscapeLeft UIInterfaceOrientationLandscapeRight";
				LD_RUNPATH_SEARCH_PATHS = (
					"$(inherited)",
					"@executable_path/Frameworks",
				);
				MARKETING_VERSION = 1.0;
				PRODUCT_BUNDLE_IDENTIFIER = com.uzairriaz.ChatApp;
				PRODUCT_NAME = "$(TARGET_NAME)";
				SWIFT_EMIT_LOC_STRINGS = YES;
				SWIFT_VERSION = 5.0;
				TARGETED_DEVICE_FAMILY = "1,2";
			};
			name = Release;
		};
/* End XCBuildConfiguration section */

/* Begin XCConfigurationList section */
		B9E9CB2127C3C868008A212E /* Build configuration list for PBXProject "ChatApp" */ = {
			isa = XCConfigurationList;
			buildConfigurations = (
				B9E9CB3227C3C86B008A212E /* Debug */,
				B9E9CB3327C3C86B008A212E /* Release */,
			);
			defaultConfigurationIsVisible = 0;
			defaultConfigurationName = Release;
		};
		B9E9CB3427C3C86B008A212E /* Build configuration list for PBXNativeTarget "ChatApp" */ = {
			isa = XCConfigurationList;
			buildConfigurations = (
				B9E9CB3527C3C86B008A212E /* Debug */,
				B9E9CB3627C3C86B008A212E /* Release */,
			);
			defaultConfigurationIsVisible = 0;
			defaultConfigurationName = Release;
		};
/* End XCConfigurationList section */

/* Begin XCRemoteSwiftPackageReference section */
		B9E9CB4527C4E189008A212E /* XCRemoteSwiftPackageReference "firebase-ios-sdk" */ = {
			isa = XCRemoteSwiftPackageReference;
			repositoryURL = "https://github.com/firebase/firebase-ios-sdk";
			requirement = {
				kind = upToNextMajorVersion;
				minimumVersion = 8.0.0;
			};
		};
/* End XCRemoteSwiftPackageReference section */

/* Begin XCSwiftPackageProductDependency section */
		B9E9CB4627C4E189008A212E /* FirebaseFirestore */ = {
			isa = XCSwiftPackageProductDependency;
			package = B9E9CB4527C4E189008A212E /* XCRemoteSwiftPackageReference "firebase-ios-sdk" */;
			productName = FirebaseFirestore;
		};
		B9E9CB4827C4E189008A212E /* FirebaseFirestoreSwift-Beta */ = {
			isa = XCSwiftPackageProductDependency;
			package = B9E9CB4527C4E189008A212E /* XCRemoteSwiftPackageReference "firebase-ios-sdk" */;
			productName = "FirebaseFirestoreSwift-Beta";
		};
/* End XCSwiftPackageProductDependency section */
	};
	rootObject = B9E9CB1E27C3C868008A212E /* Project object */;
}
